// !$*UTF8*$!
{
	archiveVersion = 1;
	classes = {
	};
	objectVersion = 50;
	objects = {

/* Begin PBXBuildFile section */
		5C9924B520EDB39B0087392C /* AppDelegate.m in Sources */ = {isa = PBXBuildFile; fileRef = 5C9924B420EDB39B0087392C /* AppDelegate.m */; };
		5C9924B820EDB39B0087392C /* ViewController.m in Sources */ = {isa = PBXBuildFile; fileRef = 5C9924B720EDB39B0087392C /* ViewController.m */; };
		5C9924BB20EDB39B0087392C /* Main.storyboard in Resources */ = {isa = PBXBuildFile; fileRef = 5C9924B920EDB39B0087392C /* Main.storyboard */; };
		5C9924BD20EDB39B0087392C /* Assets.xcassets in Resources */ = {isa = PBXBuildFile; fileRef = 5C9924BC20EDB39B0087392C /* Assets.xcassets */; };
		5C9924C020EDB39B0087392C /* LaunchScreen.storyboard in Resources */ = {isa = PBXBuildFile; fileRef = 5C9924BE20EDB39B0087392C /* LaunchScreen.storyboard */; };
		5C9924C320EDB39B0087392C /* main.m in Sources */ = {isa = PBXBuildFile; fileRef = 5C9924C220EDB39B0087392C /* main.m */; };
/* End PBXBuildFile section */

/* Begin PBXFileReference section */
		5C9924B020EDB39B0087392C /* Block-oc.app */ = {isa = PBXFileReference; explicitFileType = wrapper.application; includeInIndex = 0; path = "Block-oc.app"; sourceTree = BUILT_PRODUCTS_DIR; };
		5C9924B320EDB39B0087392C /* AppDelegate.h */ = {isa = PBXFileReference; lastKnownFileType = sourcecode.c.h; path = AppDelegate.h; sourceTree = "<group>"; };
		5C9924B420EDB39B0087392C /* AppDelegate.m */ = {isa = PBXFileReference; lastKnownFileType = sourcecode.c.objc; path = AppDelegate.m; sourceTree = "<group>"; };
		5C9924B620EDB39B0087392C /* ViewController.h */ = {isa = PBXFileReference; lastKnownFileType = sourcecode.c.h; path = ViewController.h; sourceTree = "<group>"; };
		5C9924B720EDB39B0087392C /* ViewController.m */ = {isa = PBXFileReference; lastKnownFileType = sourcecode.c.objc; path = ViewController.m; sourceTree = "<group>"; };
		5C9924BA20EDB39B0087392C /* Base */ = {isa = PBXFileReference; lastKnownFileType = file.storyboard; name = Base; path = Base.lproj/Main.storyboard; sourceTree = "<group>"; };
		5C9924BC20EDB39B0087392C /* Assets.xcassets */ = {isa = PBXFileReference; lastKnownFileType = folder.assetcatalog; path = Assets.xcassets; sourceTree = "<group>"; };
		5C9924BF20EDB39B0087392C /* Base */ = {isa = PBXFileReference; lastKnownFileType = file.storyboard; name = Base; path = Base.lproj/LaunchScreen.storyboard; sourceTree = "<group>"; };
		5C9924C120EDB39B0087392C /* Info.plist */ = {isa = PBXFileReference; lastKnownFileType = text.plist.xml; path = Info.plist; sourceTree = "<group>"; };
		5C9924C220EDB39B0087392C /* main.m */ = {isa = PBXFileReference; lastKnownFileType = sourcecode.c.objc; path = main.m; sourceTree = "<group>"; };
/* End PBXFileReference section */

/* Begin PBXFrameworksBuildPhase section */
		5C9924AD20EDB39B0087392C /* Frameworks */ = {
			isa = PBXFrameworksBuildPhase;
			buildActionMask = 2147483647;
			files = (
			);
			runOnlyForDeploymentPostprocessing = 0;
		};
/* End PBXFrameworksBuildPhase section */

/* Begin PBXGroup section */
		5C9924A720EDB39B0087392C = {
			isa = PBXGroup;
			children = (
				5C9924B220EDB39B0087392C /* Block-oc */,
				5C9924B120EDB39B0087392C /* Products */,
			);
			sourceTree = "<group>";
		};
		5C9924B120EDB39B0087392C /* Products */ = {
			isa = PBXGroup;
			children = (
				5C9924B020EDB39B0087392C /* Block-oc.app */,
			);
			name = Products;
			sourceTree = "<group>";
		};
		5C9924B220EDB39B0087392C /* Block-oc */ = {
			isa = PBXGroup;
			children = (
				5C9924B320EDB39B0087392C /* AppDelegate.h */,
				5C9924B420EDB39B0087392C /* AppDelegate.m */,
				5C9924B620EDB39B0087392C /* ViewController.h */,
				5C9924B720EDB39B0087392C /* ViewController.m */,
				5C9924B920EDB39B0087392C /* Main.storyboard */,
				5C9924BC20EDB39B0087392C /* Assets.xcassets */,
				5C9924BE20EDB39B0087392C /* LaunchScreen.storyboard */,
				5C9924C120EDB39B0087392C /* Info.plist */,
				5C9924C220EDB39B0087392C /* main.m */,
			);
			path = "Block-oc";
			sourceTree = "<group>";
		};
/* End PBXGroup section */

/* Begin PBXNativeTarget section */
		5C9924AF20EDB39B0087392C /* Block-oc */ = {
			isa = PBXNativeTarget;
			buildConfigurationList = 5C9924C620EDB39B0087392C /* Build configuration list for PBXNativeTarget "Block-oc" */;
			buildPhases = (
				5C9924AC20EDB39B0087392C /* Sources */,
				5C9924AD20EDB39B0087392C /* Frameworks */,
				5C9924AE20EDB39B0087392C /* Resources */,
			);
			buildRules = (
			);
			dependencies = (
			);
			name = "Block-oc";
			productName = "Block-oc";
			productReference = 5C9924B020EDB39B0087392C /* Block-oc.app */;
			productType = "com.apple.product-type.application";
		};
/* End PBXNativeTarget section */

/* Begin PBXProject section */
		5C9924A820EDB39B0087392C /* Project object */ = {
			isa = PBXProject;
			attributes = {
				LastUpgradeCheck = 0940;
				ORGANIZATIONNAME = Rocky;
				TargetAttributes = {
					5C9924AF20EDB39B0087392C = {
						CreatedOnToolsVersion = 9.4.1;
					};
				};
			};
			buildConfigurationList = 5C9924AB20EDB39B0087392C /* Build configuration list for PBXProject "Block-oc" */;
			compatibilityVersion = "Xcode 9.3";
			developmentRegion = en;
			hasScannedForEncodings = 0;
			knownRegions = (
				en,
				Base,
			);
			mainGroup = 5C9924A720EDB39B0087392C;
			productRefGroup = 5C9924B120EDB39B0087392C /* Products */;
			projectDirPath = "";
			projectRoot = "";
			targets = (
				5C9924AF20EDB39B0087392C /* Block-oc */,
			);
		};
/* End PBXProject section */

/* Begin PBXResourcesBuildPhase section */
		5C9924AE20EDB39B0087392C /* Resources */ = {
			isa = PBXResourcesBuildPhase;
			buildActionMask = 2147483647;
			files = (
				5C9924C020EDB39B0087392C /* LaunchScreen.storyboard in Resources */,
				5C9924BD20EDB39B0087392C /* Assets.xcassets in Resources */,
				5C9924BB20EDB39B0087392C /* Main.storyboard in Resources */,
			);
			runOnlyForDeploymentPostprocessing = 0;
		};
/* End PBXResourcesBuildPhase section */

/* Begin PBXSourcesBuildPhase section */
		5C9924AC20EDB39B0087392C /* Sources */ = {
			isa = PBXSourcesBuildPhase;
			buildActionMask = 2147483647;
			files = (
				5C9924B820EDB39B0087392C /* ViewController.m in Sources */,
				5C9924C320EDB39B0087392C /* main.m in Sources */,
				5C9924B520EDB39B0087392C /* AppDelegate.m in Sources */,
			);
			runOnlyForDeploymentPostprocessing = 0;
		};
/* End PBXSourcesBuildPhase section */

/* Begin PBXVariantGroup section */
		5C9924B920EDB39B0087392C /* Main.storyboard */ = {
			isa = PBXVariantGroup;
			children = (
				5C9924BA20EDB39B0087392C /* Base */,
			);
			name = Main.storyboard;
			sourceTree = "<group>";
		};
		5C9924BE20EDB39B0087392C /* LaunchScreen.storyboard */ = {
			isa = PBXVariantGroup;
			children = (
				5C9924BF20EDB39B0087392C /* Base */,
			);
			name = LaunchScreen.storyboard;
			sourceTree = "<group>";
		};
/* End PBXVariantGroup section */

/* Begin XCBuildConfiguration section */
		5C9924C420EDB39B0087392C /* Debug */ = {
			isa = XCBuildConfiguration;
			buildSettings = {
				ALWAYS_SEARCH_USER_PATHS = NO;
				CLANG_ANALYZER_NONNULL = YES;
				CLANG_ANALYZER_NUMBER_OBJECT_CONVERSION = YES_AGGRESSIVE;
				CLANG_CXX_LANGUAGE_STANDARD = "gnu++14";
				CLANG_CXX_LIBRARY = "libc++";
				CLANG_ENABLE_MODULES = YES;
				CLANG_ENABLE_OBJC_ARC = YES;
				CLANG_ENABLE_OBJC_WEAK = YES;
				CLANG_WARN_BLOCK_CAPTURE_AUTORELEASING = YES;
				CLANG_WARN_BOOL_CONVERSION = YES;
				CLANG_WARN_COMMA = YES;
				CLANG_WARN_CONSTANT_CONVERSION = YES;
				CLANG_WARN_DEPRECATED_OBJC_IMPLEMENTATIONS = YES;
				CLANG_WARN_DIRECT_OBJC_ISA_USAGE = YES_ERROR;
				CLANG_WARN_DOCUMENTATION_COMMENTS = YES;
				CLANG_WARN_EMPTY_BODY = YES;
				CLANG_WARN_ENUM_CONVERSION = YES;
				CLANG_WARN_INFINITE_RECURSION = YES;
				CLANG_WARN_INT_CONVERSION = YES;
				CLANG_WARN_NON_LITERAL_NULL_CONVERSION = YES;
				CLANG_WARN_OBJC_IMPLICIT_RETAIN_SELF = YES;
				CLANG_WARN_OBJC_LITERAL_CONVERSION = YES;
				CLANG_WARN_OBJC_ROOT_CLASS = YES_ERROR;
				CLANG_WARN_RANGE_LOOP_ANALYSIS = YES;
				CLANG_WARN_STRICT_PROTOTYPES = YES;
				CLANG_WARN_SUSPICIOUS_MOVE = YES;
				CLANG_WARN_UNGUARDED_AVAILABILITY = YES_AGGRESSIVE;
				CLANG_WARN_UNREACHABLE_CODE = YES;
				CLANG_WARN__DUPLICATE_METHOD_MATCH = YES;
				CODE_SIGN_IDENTITY = "iPhone Developer";
				COPY_PHASE_STRIP = NO;
				DEBUG_INFORMATION_FORMAT = dwarf;
				ENABLE_STRICT_OBJC_MSGSEND = YES;
				ENABLE_TESTABILITY = YES;
				GCC_C_LANGUAGE_STANDARD = gnu11;
				GCC_DYNAMIC_NO_PIC = NO;
				GCC_NO_COMMON_BLOCKS = YES;
				GCC_OPTIMIZATION_LEVEL = 0;
				GCC_PREPROCESSOR_DEFINITIONS = (
					"DEBUG=1",
					"$(inherited)",
				);
				GCC_WARN_64_TO_32_BIT_CONVERSION = YES;
				GCC_WARN_ABOUT_RETURN_TYPE = YES_ERROR;
				GCC_WARN_UNDECLARED_SELECTOR = YES;
				GCC_WARN_UNINITIALIZED_AUTOS = YES_AGGRESSIVE;
				GCC_WARN_UNUSED_FUNCTION = YES;
				GCC_WARN_UNUSED_VARIABLE = YES;
				IPHONEOS_DEPLOYMENT_TARGET = 11.4;
				MTL_ENABLE_DEBUG_INFO = YES;
				ONLY_ACTIVE_ARCH = YES;
				SDKROOT = iphoneos;
			};
			name = Debug;
		};
		5C9924C520EDB39B0087392C /* Release */ = {
			isa = XCBuildConfiguration;
			buildSettings = {
				ALWAYS_SEARCH_USER_PATHS = NO;
				CLANG_ANALYZER_NONNULL = YES;
				CLANG_ANALYZER_NUMBER_OBJECT_CONVERSION = YES_AGGRESSIVE;
				CLANG_CXX_LANGUAGE_STANDARD = "gnu++14";
				CLANG_CXX_LIBRARY = "libc++";
				CLANG_ENABLE_MODULES = YES;
				CLANG_ENABLE_OBJC_ARC = YES;
				CLANG_ENABLE_OBJC_WEAK = YES;
				CLANG_WARN_BLOCK_CAPTURE_AUTORELEASING = YES;
				CLANG_WARN_BOOL_CONVERSION = YES;
				CLANG_WARN_COMMA = YES;
				CLANG_WARN_CONSTANT_CONVERSION = YES;
				CLANG_WARN_DEPRECATED_OBJC_IMPLEMENTATIONS = YES;
				CLANG_WARN_DIRECT_OBJC_ISA_USAGE = YES_ERROR;
				CLANG_WARN_DOCUMENTATION_COMMENTS = YES;
				CLANG_WARN_EMPTY_BODY = YES;
				CLANG_WARN_ENUM_CONVERSION = YES;
				CLANG_WARN_INFINITE_RECURSION = YES;
				CLANG_WARN_INT_CONVERSION = YES;
				CLANG_WARN_NON_LITERAL_NULL_CONVERSION = YES;
				CLANG_WARN_OBJC_IMPLICIT_RETAIN_SELF = YES;
				CLANG_WARN_OBJC_LITERAL_CONVERSION = YES;
				CLANG_WARN_OBJC_ROOT_CLASS = YES_ERROR;
				CLANG_WARN_RANGE_LOOP_ANALYSIS = YES;
				CLANG_WARN_STRICT_PROTOTYPES = YES;
				CLANG_WARN_SUSPICIOUS_MOVE = YES;
				CLANG_WARN_UNGUARDED_AVAILABILITY = YES_AGGRESSIVE;
				CLANG_WARN_UNREACHABLE_CODE = YES;
				CLANG_WARN__DUPLICATE_METHOD_MATCH = YES;
				CODE_SIGN_IDENTITY = "iPhone Developer";
				COPY_PHASE_STRIP = NO;
				DEBUG_INFORMATION_FORMAT = "dwarf-with-dsym";
				ENABLE_NS_ASSERTIONS = NO;
				ENABLE_STRICT_OBJC_MSGSEND = YES;
				GCC_C_LANGUAGE_STANDARD = gnu11;
				GCC_NO_COMMON_BLOCKS = YES;
				GCC_WARN_64_TO_32_BIT_CONVERSION = YES;
				GCC_WARN_ABOUT_RETURN_TYPE = YES_ERROR;
				GCC_WARN_UNDECLARED_SELECTOR = YES;
				GCC_WARN_UNINITIALIZED_AUTOS = YES_AGGRESSIVE;
				GCC_WARN_UNUSED_FUNCTION = YES;
				GCC_WARN_UNUSED_VARIABLE = YES;
				IPHONEOS_DEPLOYMENT_TARGET = 11.4;
				MTL_ENABLE_DEBUG_INFO = NO;
				SDKROOT = iphoneos;
				VALIDATE_PRODUCT = YES;
			};
			name = Release;
		};
		5C9924C720EDB39B0087392C /* Debug */ = {
			isa = XCBuildConfiguration;
			buildSettings = {
				ASSETCATALOG_COMPILER_APPICON_NAME = AppIcon;
				CODE_SIGN_STYLE = Automatic;
				DEVELOPMENT_TEAM = 3V7QXP2387;
				INFOPLIST_FILE = "Block-oc/Info.plist";
				LD_RUNPATH_SEARCH_PATHS = (
					"$(inherited)",
					"@executable_path/Frameworks",
				);
				PRODUCT_BUNDLE_IDENTIFIER = "free-star.PageChangeDemo";
				PRODUCT_NAME = "$(TARGET_NAME)";
				TARGETED_DEVICE_FAMILY = "1,2";
			};
			name = Debug;
		};
		5C9924C820EDB39B0087392C /* Release */ = {
			isa = XCBuildConfiguration;
			buildSettings = {
				ASSETCATALOG_COMPILER_APPICON_NAME = AppIcon;
				CODE_SIGN_STYLE = Automatic;
				DEVELOPMENT_TEAM = 3V7QXP2387;
				INFOPLIST_FILE = "Block-oc/Info.plist";
				LD_RUNPATH_SEARCH_PATHS = (
					"$(inherited)",
					"@executable_path/Frameworks",
				);
				PRODUCT_BUNDLE_IDENTIFIER = "free-star.PageChangeDemo";
				PRODUCT_NAME = "$(TARGET_NAME)";
				TARGETED_DEVICE_FAMILY = "1,2";
			};
			name = Release;
		};
/* End XCBuildConfiguration section */

/* Begin XCConfigurationList section */
		5C9924AB20EDB39B0087392C /* Build configuration list for PBXProject "Block-oc" */ = {
			isa = XCConfigurationList;
			buildConfigurations = (
				5C9924C420EDB39B0087392C /* Debug */,
				5C9924C520EDB39B0087392C /* Release */,
			);
			defaultConfigurationIsVisible = 0;
			defaultConfigurationName = Release;
		};
		5C9924C620EDB39B0087392C /* Build configuration list for PBXNativeTarget "Block-oc" */ = {
			isa = XCConfigurationList;
			buildConfigurations = (
				5C9924C720EDB39B0087392C /* Debug */,
				5C9924C820EDB39B0087392C /* Release */,
			);
			defaultConfigurationIsVisible = 0;
			defaultConfigurationName = Release;
		};
/* End XCConfigurationList section */
	};
	rootObject = 5C9924A820EDB39B0087392C /* Project object */;
}
