// !$*UTF8*$!
{
	archiveVersion = 1;
	classes = {
	};
	objectVersion = 50;
	objects = {

/* Begin PBXBuildFile section */
		5CA4C75F20E0B932007EDC00 /* AppDelegate.swift in Sources */ = {isa = PBXBuildFile; fileRef = 5CA4C75E20E0B932007EDC00 /* AppDelegate.swift */; };
		5CA4C76120E0B932007EDC00 /* ViewController.swift in Sources */ = {isa = PBXBuildFile; fileRef = 5CA4C76020E0B932007EDC00 /* ViewController.swift */; };
		5CA4C76420E0B932007EDC00 /* Main.storyboard in Resources */ = {isa = PBXBuildFile; fileRef = 5CA4C76220E0B932007EDC00 /* Main.storyboard */; };
		5CA4C76720E0B932007EDC00 /* CoreData_10.xcdatamodeld in Sources */ = {isa = PBXBuildFile; fileRef = 5CA4C76520E0B932007EDC00 /* CoreData_10.xcdatamodeld */; };
		5CA4C76920E0B933007EDC00 /* Assets.xcassets in Resources */ = {isa = PBXBuildFile; fileRef = 5CA4C76820E0B933007EDC00 /* Assets.xcassets */; };
		5CA4C76C20E0B933007EDC00 /* LaunchScreen.storyboard in Resources */ = {isa = PBXBuildFile; fileRef = 5CA4C76A20E0B933007EDC00 /* LaunchScreen.storyboard */; };
		5CA4C77520E0B9A2007EDC00 /* User+CoreDataClass.swift in Sources */ = {isa = PBXBuildFile; fileRef = 5CA4C77320E0B9A2007EDC00 /* User+CoreDataClass.swift */; };
		5CA4C77620E0B9A2007EDC00 /* User+CoreDataProperties.swift in Sources */ = {isa = PBXBuildFile; fileRef = 5CA4C77420E0B9A2007EDC00 /* User+CoreDataProperties.swift */; };
/* End PBXBuildFile section */

/* Begin PBXFileReference section */
		5CA4C75B20E0B932007EDC00 /* CoreData-10.app */ = {isa = PBXFileReference; explicitFileType = wrapper.application; includeInIndex = 0; path = "CoreData-10.app"; sourceTree = BUILT_PRODUCTS_DIR; };
		5CA4C75E20E0B932007EDC00 /* AppDelegate.swift */ = {isa = PBXFileReference; lastKnownFileType = sourcecode.swift; path = AppDelegate.swift; sourceTree = "<group>"; };
		5CA4C76020E0B932007EDC00 /* ViewController.swift */ = {isa = PBXFileReference; lastKnownFileType = sourcecode.swift; path = ViewController.swift; sourceTree = "<group>"; };
		5CA4C76320E0B932007EDC00 /* Base */ = {isa = PBXFileReference; lastKnownFileType = file.storyboard; name = Base; path = Base.lproj/Main.storyboard; sourceTree = "<group>"; };
		5CA4C76620E0B932007EDC00 /* CoreData_10.xcdatamodel */ = {isa = PBXFileReference; lastKnownFileType = wrapper.xcdatamodel; path = CoreData_10.xcdatamodel; sourceTree = "<group>"; };
		5CA4C76820E0B933007EDC00 /* Assets.xcassets */ = {isa = PBXFileReference; lastKnownFileType = folder.assetcatalog; path = Assets.xcassets; sourceTree = "<group>"; };
		5CA4C76B20E0B933007EDC00 /* Base */ = {isa = PBXFileReference; lastKnownFileType = file.storyboard; name = Base; path = Base.lproj/LaunchScreen.storyboard; sourceTree = "<group>"; };
		5CA4C76D20E0B933007EDC00 /* Info.plist */ = {isa = PBXFileReference; lastKnownFileType = text.plist.xml; path = Info.plist; sourceTree = "<group>"; };
		5CA4C77320E0B9A2007EDC00 /* User+CoreDataClass.swift */ = {isa = PBXFileReference; lastKnownFileType = sourcecode.swift; path = "User+CoreDataClass.swift"; sourceTree = "<group>"; };
		5CA4C77420E0B9A2007EDC00 /* User+CoreDataProperties.swift */ = {isa = PBXFileReference; lastKnownFileType = sourcecode.swift; path = "User+CoreDataProperties.swift"; sourceTree = "<group>"; };
/* End PBXFileReference section */

/* Begin PBXFrameworksBuildPhase section */
		5CA4C75820E0B932007EDC00 /* Frameworks */ = {
			isa = PBXFrameworksBuildPhase;
			buildActionMask = 2147483647;
			files = (
			);
			runOnlyForDeploymentPostprocessing = 0;
		};
/* End PBXFrameworksBuildPhase section */

/* Begin PBXGroup section */
		5CA4C75220E0B932007EDC00 = {
			isa = PBXGroup;
			children = (
				5CA4C75D20E0B932007EDC00 /* CoreData-10 */,
				5CA4C75C20E0B932007EDC00 /* Products */,
			);
			sourceTree = "<group>";
		};
		5CA4C75C20E0B932007EDC00 /* Products */ = {
			isa = PBXGroup;
			children = (
				5CA4C75B20E0B932007EDC00 /* CoreData-10.app */,
			);
			name = Products;
			sourceTree = "<group>";
		};
		5CA4C75D20E0B932007EDC00 /* CoreData-10 */ = {
			isa = PBXGroup;
			children = (
				5CA4C75E20E0B932007EDC00 /* AppDelegate.swift */,
				5CA4C76020E0B932007EDC00 /* ViewController.swift */,
				5CA4C76220E0B932007EDC00 /* Main.storyboard */,
				5CA4C76820E0B933007EDC00 /* Assets.xcassets */,
				5CA4C76A20E0B933007EDC00 /* LaunchScreen.storyboard */,
				5CA4C76D20E0B933007EDC00 /* Info.plist */,
				5CA4C76520E0B932007EDC00 /* CoreData_10.xcdatamodeld */,
				5CA4C77320E0B9A2007EDC00 /* User+CoreDataClass.swift */,
				5CA4C77420E0B9A2007EDC00 /* User+CoreDataProperties.swift */,
			);
			path = "CoreData-10";
			sourceTree = "<group>";
		};
/* End PBXGroup section */

/* Begin PBXNativeTarget section */
		5CA4C75A20E0B932007EDC00 /* CoreData-10 */ = {
			isa = PBXNativeTarget;
			buildConfigurationList = 5CA4C77020E0B933007EDC00 /* Build configuration list for PBXNativeTarget "CoreData-10" */;
			buildPhases = (
				5CA4C75720E0B932007EDC00 /* Sources */,
				5CA4C75820E0B932007EDC00 /* Frameworks */,
				5CA4C75920E0B932007EDC00 /* Resources */,
			);
			buildRules = (
			);
			dependencies = (
			);
			name = "CoreData-10";
			productName = "CoreData-10";
			productReference = 5CA4C75B20E0B932007EDC00 /* CoreData-10.app */;
			productType = "com.apple.product-type.application";
		};
/* End PBXNativeTarget section */

/* Begin PBXProject section */
		5CA4C75320E0B932007EDC00 /* Project object */ = {
			isa = PBXProject;
			attributes = {
				LastSwiftUpdateCheck = 0940;
				LastUpgradeCheck = 0940;
				ORGANIZATIONNAME = Rocky;
				TargetAttributes = {
					5CA4C75A20E0B932007EDC00 = {
						CreatedOnToolsVersion = 9.4;
					};
				};
			};
			buildConfigurationList = 5CA4C75620E0B932007EDC00 /* Build configuration list for PBXProject "CoreData-10" */;
			compatibilityVersion = "Xcode 9.3";
			developmentRegion = en;
			hasScannedForEncodings = 0;
			knownRegions = (
				en,
				Base,
			);
			mainGroup = 5CA4C75220E0B932007EDC00;
			productRefGroup = 5CA4C75C20E0B932007EDC00 /* Products */;
			projectDirPath = "";
			projectRoot = "";
			targets = (
				5CA4C75A20E0B932007EDC00 /* CoreData-10 */,
			);
		};
/* End PBXProject section */

/* Begin PBXResourcesBuildPhase section */
		5CA4C75920E0B932007EDC00 /* Resources */ = {
			isa = PBXResourcesBuildPhase;
			buildActionMask = 2147483647;
			files = (
				5CA4C76C20E0B933007EDC00 /* LaunchScreen.storyboard in Resources */,
				5CA4C76920E0B933007EDC00 /* Assets.xcassets in Resources */,
				5CA4C76420E0B932007EDC00 /* Main.storyboard in Resources */,
			);
			runOnlyForDeploymentPostprocessing = 0;
		};
/* End PBXResourcesBuildPhase section */

/* Begin PBXSourcesBuildPhase section */
		5CA4C75720E0B932007EDC00 /* Sources */ = {
			isa = PBXSourcesBuildPhase;
			buildActionMask = 2147483647;
			files = (
				5CA4C76120E0B932007EDC00 /* ViewController.swift in Sources */,
				5CA4C76720E0B932007EDC00 /* CoreData_10.xcdatamodeld in Sources */,
				5CA4C77520E0B9A2007EDC00 /* User+CoreDataClass.swift in Sources */,
				5CA4C77620E0B9A2007EDC00 /* User+CoreDataProperties.swift in Sources */,
				5CA4C75F20E0B932007EDC00 /* AppDelegate.swift in Sources */,
			);
			runOnlyForDeploymentPostprocessing = 0;
		};
/* End PBXSourcesBuildPhase section */

/* Begin PBXVariantGroup section */
		5CA4C76220E0B932007EDC00 /* Main.storyboard */ = {
			isa = PBXVariantGroup;
			children = (
				5CA4C76320E0B932007EDC00 /* Base */,
			);
			name = Main.storyboard;
			sourceTree = "<group>";
		};
		5CA4C76A20E0B933007EDC00 /* LaunchScreen.storyboard */ = {
			isa = PBXVariantGroup;
			children = (
				5CA4C76B20E0B933007EDC00 /* Base */,
			);
			name = LaunchScreen.storyboard;
			sourceTree = "<group>";
		};
/* End PBXVariantGroup section */

/* Begin XCBuildConfiguration section */
		5CA4C76E20E0B933007EDC00 /* Debug */ = {
			isa = XCBuildConfiguration;
			buildSettings = {
				ALWAYS_SEARCH_USER_PATHS = NO;
				CLANG_ANALYZER_NONNULL = YES;
				CLANG_ANALYZER_NUMBER_OBJECT_CONVERSION = YES_AGGRESSIVE;
				CLANG_CXX_LANGUAGE_STANDARD = "gnu++14";
				CLANG_CXX_LIBRARY = "libc++";
				CLANG_ENABLE_MODULES = YES;
				CLANG_ENABLE_OBJC_ARC = YES;
				CLANG_ENABLE_OBJC_WEAK = YES;
				CLANG_WARN_BLOCK_CAPTURE_AUTORELEASING = YES;
				CLANG_WARN_BOOL_CONVERSION = YES;
				CLANG_WARN_COMMA = YES;
				CLANG_WARN_CONSTANT_CONVERSION = YES;
				CLANG_WARN_DEPRECATED_OBJC_IMPLEMENTATIONS = YES;
				CLANG_WARN_DIRECT_OBJC_ISA_USAGE = YES_ERROR;
				CLANG_WARN_DOCUMENTATION_COMMENTS = YES;
				CLANG_WARN_EMPTY_BODY = YES;
				CLANG_WARN_ENUM_CONVERSION = YES;
				CLANG_WARN_INFINITE_RECURSION = YES;
				CLANG_WARN_INT_CONVERSION = YES;
				CLANG_WARN_NON_LITERAL_NULL_CONVERSION = YES;
				CLANG_WARN_OBJC_IMPLICIT_RETAIN_SELF = YES;
				CLANG_WARN_OBJC_LITERAL_CONVERSION = YES;
				CLANG_WARN_OBJC_ROOT_CLASS = YES_ERROR;
				CLANG_WARN_RANGE_LOOP_ANALYSIS = YES;
				CLANG_WARN_STRICT_PROTOTYPES = YES;
				CLANG_WARN_SUSPICIOUS_MOVE = YES;
				CLANG_WARN_UNGUARDED_AVAILABILITY = YES_AGGRESSIVE;
				CLANG_WARN_UNREACHABLE_CODE = YES;
				CLANG_WARN__DUPLICATE_METHOD_MATCH = YES;
				CODE_SIGN_IDENTITY = "iPhone Developer";
				COPY_PHASE_STRIP = NO;
				DEBUG_INFORMATION_FORMAT = dwarf;
				ENABLE_STRICT_OBJC_MSGSEND = YES;
				ENABLE_TESTABILITY = YES;
				GCC_C_LANGUAGE_STANDARD = gnu11;
				GCC_DYNAMIC_NO_PIC = NO;
				GCC_NO_COMMON_BLOCKS = YES;
				GCC_OPTIMIZATION_LEVEL = 0;
				GCC_PREPROCESSOR_DEFINITIONS = (
					"DEBUG=1",
					"$(inherited)",
				);
				GCC_WARN_64_TO_32_BIT_CONVERSION = YES;
				GCC_WARN_ABOUT_RETURN_TYPE = YES_ERROR;
				GCC_WARN_UNDECLARED_SELECTOR = YES;
				GCC_WARN_UNINITIALIZED_AUTOS = YES_AGGRESSIVE;
				GCC_WARN_UNUSED_FUNCTION = YES;
				GCC_WARN_UNUSED_VARIABLE = YES;
				IPHONEOS_DEPLOYMENT_TARGET = 11.4;
				MTL_ENABLE_DEBUG_INFO = YES;
				ONLY_ACTIVE_ARCH = YES;
				SDKROOT = iphoneos;
				SWIFT_ACTIVE_COMPILATION_CONDITIONS = DEBUG;
				SWIFT_OPTIMIZATION_LEVEL = "-Onone";
			};
			name = Debug;
		};
		5CA4C76F20E0B933007EDC00 /* Release */ = {
			isa = XCBuildConfiguration;
			buildSettings = {
				ALWAYS_SEARCH_USER_PATHS = NO;
				CLANG_ANALYZER_NONNULL = YES;
				CLANG_ANALYZER_NUMBER_OBJECT_CONVERSION = YES_AGGRESSIVE;
				CLANG_CXX_LANGUAGE_STANDARD = "gnu++14";
				CLANG_CXX_LIBRARY = "libc++";
				CLANG_ENABLE_MODULES = YES;
				CLANG_ENABLE_OBJC_ARC = YES;
				CLANG_ENABLE_OBJC_WEAK = YES;
				CLANG_WARN_BLOCK_CAPTURE_AUTORELEASING = YES;
				CLANG_WARN_BOOL_CONVERSION = YES;
				CLANG_WARN_COMMA = YES;
				CLANG_WARN_CONSTANT_CONVERSION = YES;
				CLANG_WARN_DEPRECATED_OBJC_IMPLEMENTATIONS = YES;
				CLANG_WARN_DIRECT_OBJC_ISA_USAGE = YES_ERROR;
				CLANG_WARN_DOCUMENTATION_COMMENTS = YES;
				CLANG_WARN_EMPTY_BODY = YES;
				CLANG_WARN_ENUM_CONVERSION = YES;
				CLANG_WARN_INFINITE_RECURSION = YES;
				CLANG_WARN_INT_CONVERSION = YES;
				CLANG_WARN_NON_LITERAL_NULL_CONVERSION = YES;
				CLANG_WARN_OBJC_IMPLICIT_RETAIN_SELF = YES;
				CLANG_WARN_OBJC_LITERAL_CONVERSION = YES;
				CLANG_WARN_OBJC_ROOT_CLASS = YES_ERROR;
				CLANG_WARN_RANGE_LOOP_ANALYSIS = YES;
				CLANG_WARN_STRICT_PROTOTYPES = YES;
				CLANG_WARN_SUSPICIOUS_MOVE = YES;
				CLANG_WARN_UNGUARDED_AVAILABILITY = YES_AGGRESSIVE;
				CLANG_WARN_UNREACHABLE_CODE = YES;
				CLANG_WARN__DUPLICATE_METHOD_MATCH = YES;
				CODE_SIGN_IDENTITY = "iPhone Developer";
				COPY_PHASE_STRIP = NO;
				DEBUG_INFORMATION_FORMAT = "dwarf-with-dsym";
				ENABLE_NS_ASSERTIONS = NO;
				ENABLE_STRICT_OBJC_MSGSEND = YES;
				GCC_C_LANGUAGE_STANDARD = gnu11;
				GCC_NO_COMMON_BLOCKS = YES;
				GCC_WARN_64_TO_32_BIT_CONVERSION = YES;
				GCC_WARN_ABOUT_RETURN_TYPE = YES_ERROR;
				GCC_WARN_UNDECLARED_SELECTOR = YES;
				GCC_WARN_UNINITIALIZED_AUTOS = YES_AGGRESSIVE;
				GCC_WARN_UNUSED_FUNCTION = YES;
				GCC_WARN_UNUSED_VARIABLE = YES;
				IPHONEOS_DEPLOYMENT_TARGET = 11.4;
				MTL_ENABLE_DEBUG_INFO = NO;
				SDKROOT = iphoneos;
				SWIFT_COMPILATION_MODE = wholemodule;
				SWIFT_OPTIMIZATION_LEVEL = "-O";
				VALIDATE_PRODUCT = YES;
			};
			name = Release;
		};
		5CA4C77120E0B933007EDC00 /* Debug */ = {
			isa = XCBuildConfiguration;
			buildSettings = {
				ASSETCATALOG_COMPILER_APPICON_NAME = AppIcon;
				CODE_SIGN_STYLE = Automatic;
				DEVELOPMENT_TEAM = 3V7QXP2387;
				INFOPLIST_FILE = "CoreData-10/Info.plist";
				LD_RUNPATH_SEARCH_PATHS = (
					"$(inherited)",
					"@executable_path/Frameworks",
				);
				PRODUCT_BUNDLE_IDENTIFIER = "free-star.PageChangeDemo";
				PRODUCT_NAME = "$(TARGET_NAME)";
				SWIFT_VERSION = 4.0;
				TARGETED_DEVICE_FAMILY = "1,2";
			};
			name = Debug;
		};
		5CA4C77220E0B933007EDC00 /* Release */ = {
			isa = XCBuildConfiguration;
			buildSettings = {
				ASSETCATALOG_COMPILER_APPICON_NAME = AppIcon;
				CODE_SIGN_STYLE = Automatic;
				DEVELOPMENT_TEAM = 3V7QXP2387;
				INFOPLIST_FILE = "CoreData-10/Info.plist";
				LD_RUNPATH_SEARCH_PATHS = (
					"$(inherited)",
					"@executable_path/Frameworks",
				);
				PRODUCT_BUNDLE_IDENTIFIER = "free-star.PageChangeDemo";
				PRODUCT_NAME = "$(TARGET_NAME)";
				SWIFT_VERSION = 4.0;
				TARGETED_DEVICE_FAMILY = "1,2";
			};
			name = Release;
		};
/* End XCBuildConfiguration section */

/* Begin XCConfigurationList section */
		5CA4C75620E0B932007EDC00 /* Build configuration list for PBXProject "CoreData-10" */ = {
			isa = XCConfigurationList;
			buildConfigurations = (
				5CA4C76E20E0B933007EDC00 /* Debug */,
				5CA4C76F20E0B933007EDC00 /* Release */,
			);
			defaultConfigurationIsVisible = 0;
			defaultConfigurationName = Release;
		};
		5CA4C77020E0B933007EDC00 /* Build configuration list for PBXNativeTarget "CoreData-10" */ = {
			isa = XCConfigurationList;
			buildConfigurations = (
				5CA4C77120E0B933007EDC00 /* Debug */,
				5CA4C77220E0B933007EDC00 /* Release */,
			);
			defaultConfigurationIsVisible = 0;
			defaultConfigurationName = Release;
		};
/* End XCConfigurationList section */

/* Begin XCVersionGroup section */
		5CA4C76520E0B932007EDC00 /* CoreData_10.xcdatamodeld */ = {
			isa = XCVersionGroup;
			children = (
				5CA4C76620E0B932007EDC00 /* CoreData_10.xcdatamodel */,
			);
			currentVersion = 5CA4C76620E0B932007EDC00 /* CoreData_10.xcdatamodel */;
			path = CoreData_10.xcdatamodeld;
			sourceTree = "<group>";
			versionGroupType = wrapper.xcdatamodel;
		};
/* End XCVersionGroup section */
	};
	rootObject = 5CA4C75320E0B932007EDC00 /* Project object */;
}
