// !$*UTF8*$!
{
	archiveVersion = 1;
	classes = {
	};
	objectVersion = 50;
	objects = {

/* Begin PBXBuildFile section */
		5CA0DB7220EC8FE800AB72CC /* AppDelegate.m in Sources */ = {isa = PBXBuildFile; fileRef = 5CA0DB7120EC8FE800AB72CC /* AppDelegate.m */; };
		5CA0DB7520EC8FE800AB72CC /* ViewController.m in Sources */ = {isa = PBXBuildFile; fileRef = 5CA0DB7420EC8FE800AB72CC /* ViewController.m */; };
		5CA0DB7820EC8FE800AB72CC /* Main.storyboard in Resources */ = {isa = PBXBuildFile; fileRef = 5CA0DB7620EC8FE800AB72CC /* Main.storyboard */; };
		5CA0DB7A20EC8FE900AB72CC /* Assets.xcassets in Resources */ = {isa = PBXBuildFile; fileRef = 5CA0DB7920EC8FE900AB72CC /* Assets.xcassets */; };
		5CA0DB7D20EC8FE900AB72CC /* LaunchScreen.storyboard in Resources */ = {isa = PBXBuildFile; fileRef = 5CA0DB7B20EC8FE900AB72CC /* LaunchScreen.storyboard */; };
		5CA0DB8020EC8FE900AB72CC /* main.m in Sources */ = {isa = PBXBuildFile; fileRef = 5CA0DB7F20EC8FE900AB72CC /* main.m */; };
/* End PBXBuildFile section */

/* Begin PBXFileReference section */
		5CA0DB6D20EC8FE800AB72CC /* UISegmentedControl-oc.app */ = {isa = PBXFileReference; explicitFileType = wrapper.application; includeInIndex = 0; path = "UISegmentedControl-oc.app"; sourceTree = BUILT_PRODUCTS_DIR; };
		5CA0DB7020EC8FE800AB72CC /* AppDelegate.h */ = {isa = PBXFileReference; lastKnownFileType = sourcecode.c.h; path = AppDelegate.h; sourceTree = "<group>"; };
		5CA0DB7120EC8FE800AB72CC /* AppDelegate.m */ = {isa = PBXFileReference; lastKnownFileType = sourcecode.c.objc; path = AppDelegate.m; sourceTree = "<group>"; };
		5CA0DB7320EC8FE800AB72CC /* ViewController.h */ = {isa = PBXFileReference; lastKnownFileType = sourcecode.c.h; path = ViewController.h; sourceTree = "<group>"; };
		5CA0DB7420EC8FE800AB72CC /* ViewController.m */ = {isa = PBXFileReference; lastKnownFileType = sourcecode.c.objc; path = ViewController.m; sourceTree = "<group>"; };
		5CA0DB7720EC8FE800AB72CC /* Base */ = {isa = PBXFileReference; lastKnownFileType = file.storyboard; name = Base; path = Base.lproj/Main.storyboard; sourceTree = "<group>"; };
		5CA0DB7920EC8FE900AB72CC /* Assets.xcassets */ = {isa = PBXFileReference; lastKnownFileType = folder.assetcatalog; path = Assets.xcassets; sourceTree = "<group>"; };
		5CA0DB7C20EC8FE900AB72CC /* Base */ = {isa = PBXFileReference; lastKnownFileType = file.storyboard; name = Base; path = Base.lproj/LaunchScreen.storyboard; sourceTree = "<group>"; };
		5CA0DB7E20EC8FE900AB72CC /* Info.plist */ = {isa = PBXFileReference; lastKnownFileType = text.plist.xml; path = Info.plist; sourceTree = "<group>"; };
		5CA0DB7F20EC8FE900AB72CC /* main.m */ = {isa = PBXFileReference; lastKnownFileType = sourcecode.c.objc; path = main.m; sourceTree = "<group>"; };
/* End PBXFileReference section */

/* Begin PBXFrameworksBuildPhase section */
		5CA0DB6A20EC8FE800AB72CC /* Frameworks */ = {
			isa = PBXFrameworksBuildPhase;
			buildActionMask = 2147483647;
			files = (
			);
			runOnlyForDeploymentPostprocessing = 0;
		};
/* End PBXFrameworksBuildPhase section */

/* Begin PBXGroup section */
		5CA0DB6420EC8FE800AB72CC = {
			isa = PBXGroup;
			children = (
				5CA0DB6F20EC8FE800AB72CC /* UISegmentedControl-oc */,
				5CA0DB6E20EC8FE800AB72CC /* Products */,
			);
			sourceTree = "<group>";
		};
		5CA0DB6E20EC8FE800AB72CC /* Products */ = {
			isa = PBXGroup;
			children = (
				5CA0DB6D20EC8FE800AB72CC /* UISegmentedControl-oc.app */,
			);
			name = Products;
			sourceTree = "<group>";
		};
		5CA0DB6F20EC8FE800AB72CC /* UISegmentedControl-oc */ = {
			isa = PBXGroup;
			children = (
				5CA0DB7020EC8FE800AB72CC /* AppDelegate.h */,
				5CA0DB7120EC8FE800AB72CC /* AppDelegate.m */,
				5CA0DB7320EC8FE800AB72CC /* ViewController.h */,
				5CA0DB7420EC8FE800AB72CC /* ViewController.m */,
				5CA0DB7620EC8FE800AB72CC /* Main.storyboard */,
				5CA0DB7920EC8FE900AB72CC /* Assets.xcassets */,
				5CA0DB7B20EC8FE900AB72CC /* LaunchScreen.storyboard */,
				5CA0DB7E20EC8FE900AB72CC /* Info.plist */,
				5CA0DB7F20EC8FE900AB72CC /* main.m */,
			);
			path = "UISegmentedControl-oc";
			sourceTree = "<group>";
		};
/* End PBXGroup section */

/* Begin PBXNativeTarget section */
		5CA0DB6C20EC8FE800AB72CC /* UISegmentedControl-oc */ = {
			isa = PBXNativeTarget;
			buildConfigurationList = 5CA0DB8320EC8FE900AB72CC /* Build configuration list for PBXNativeTarget "UISegmentedControl-oc" */;
			buildPhases = (
				5CA0DB6920EC8FE800AB72CC /* Sources */,
				5CA0DB6A20EC8FE800AB72CC /* Frameworks */,
				5CA0DB6B20EC8FE800AB72CC /* Resources */,
			);
			buildRules = (
			);
			dependencies = (
			);
			name = "UISegmentedControl-oc";
			productName = "UISegmentedControl-oc";
			productReference = 5CA0DB6D20EC8FE800AB72CC /* UISegmentedControl-oc.app */;
			productType = "com.apple.product-type.application";
		};
/* End PBXNativeTarget section */

/* Begin PBXProject section */
		5CA0DB6520EC8FE800AB72CC /* Project object */ = {
			isa = PBXProject;
			attributes = {
				LastUpgradeCheck = 0940;
				ORGANIZATIONNAME = Rocky;
				TargetAttributes = {
					5CA0DB6C20EC8FE800AB72CC = {
						CreatedOnToolsVersion = 9.4.1;
					};
				};
			};
			buildConfigurationList = 5CA0DB6820EC8FE800AB72CC /* Build configuration list for PBXProject "UISegmentedControl-oc" */;
			compatibilityVersion = "Xcode 9.3";
			developmentRegion = en;
			hasScannedForEncodings = 0;
			knownRegions = (
				en,
				Base,
			);
			mainGroup = 5CA0DB6420EC8FE800AB72CC;
			productRefGroup = 5CA0DB6E20EC8FE800AB72CC /* Products */;
			projectDirPath = "";
			projectRoot = "";
			targets = (
				5CA0DB6C20EC8FE800AB72CC /* UISegmentedControl-oc */,
			);
		};
/* End PBXProject section */

/* Begin PBXResourcesBuildPhase section */
		5CA0DB6B20EC8FE800AB72CC /* Resources */ = {
			isa = PBXResourcesBuildPhase;
			buildActionMask = 2147483647;
			files = (
				5CA0DB7D20EC8FE900AB72CC /* LaunchScreen.storyboard in Resources */,
				5CA0DB7A20EC8FE900AB72CC /* Assets.xcassets in Resources */,
				5CA0DB7820EC8FE800AB72CC /* Main.storyboard in Resources */,
			);
			runOnlyForDeploymentPostprocessing = 0;
		};
/* End PBXResourcesBuildPhase section */

/* Begin PBXSourcesBuildPhase section */
		5CA0DB6920EC8FE800AB72CC /* Sources */ = {
			isa = PBXSourcesBuildPhase;
			buildActionMask = 2147483647;
			files = (
				5CA0DB7520EC8FE800AB72CC /* ViewController.m in Sources */,
				5CA0DB8020EC8FE900AB72CC /* main.m in Sources */,
				5CA0DB7220EC8FE800AB72CC /* AppDelegate.m in Sources */,
			);
			runOnlyForDeploymentPostprocessing = 0;
		};
/* End PBXSourcesBuildPhase section */

/* Begin PBXVariantGroup section */
		5CA0DB7620EC8FE800AB72CC /* Main.storyboard */ = {
			isa = PBXVariantGroup;
			children = (
				5CA0DB7720EC8FE800AB72CC /* Base */,
			);
			name = Main.storyboard;
			sourceTree = "<group>";
		};
		5CA0DB7B20EC8FE900AB72CC /* LaunchScreen.storyboard */ = {
			isa = PBXVariantGroup;
			children = (
				5CA0DB7C20EC8FE900AB72CC /* Base */,
			);
			name = LaunchScreen.storyboard;
			sourceTree = "<group>";
		};
/* End PBXVariantGroup section */

/* Begin XCBuildConfiguration section */
		5CA0DB8120EC8FE900AB72CC /* Debug */ = {
			isa = XCBuildConfiguration;
			buildSettings = {
				ALWAYS_SEARCH_USER_PATHS = NO;
				CLANG_ANALYZER_NONNULL = YES;
				CLANG_ANALYZER_NUMBER_OBJECT_CONVERSION = YES_AGGRESSIVE;
				CLANG_CXX_LANGUAGE_STANDARD = "gnu++14";
				CLANG_CXX_LIBRARY = "libc++";
				CLANG_ENABLE_MODULES = YES;
				CLANG_ENABLE_OBJC_ARC = YES;
				CLANG_ENABLE_OBJC_WEAK = YES;
				CLANG_WARN_BLOCK_CAPTURE_AUTORELEASING = YES;
				CLANG_WARN_BOOL_CONVERSION = YES;
				CLANG_WARN_COMMA = YES;
				CLANG_WARN_CONSTANT_CONVERSION = YES;
				CLANG_WARN_DEPRECATED_OBJC_IMPLEMENTATIONS = YES;
				CLANG_WARN_DIRECT_OBJC_ISA_USAGE = YES_ERROR;
				CLANG_WARN_DOCUMENTATION_COMMENTS = YES;
				CLANG_WARN_EMPTY_BODY = YES;
				CLANG_WARN_ENUM_CONVERSION = YES;
				CLANG_WARN_INFINITE_RECURSION = YES;
				CLANG_WARN_INT_CONVERSION = YES;
				CLANG_WARN_NON_LITERAL_NULL_CONVERSION = YES;
				CLANG_WARN_OBJC_IMPLICIT_RETAIN_SELF = YES;
				CLANG_WARN_OBJC_LITERAL_CONVERSION = YES;
				CLANG_WARN_OBJC_ROOT_CLASS = YES_ERROR;
				CLANG_WARN_RANGE_LOOP_ANALYSIS = YES;
				CLANG_WARN_STRICT_PROTOTYPES = YES;
				CLANG_WARN_SUSPICIOUS_MOVE = YES;
				CLANG_WARN_UNGUARDED_AVAILABILITY = YES_AGGRESSIVE;
				CLANG_WARN_UNREACHABLE_CODE = YES;
				CLANG_WARN__DUPLICATE_METHOD_MATCH = YES;
				CODE_SIGN_IDENTITY = "iPhone Developer";
				COPY_PHASE_STRIP = NO;
				DEBUG_INFORMATION_FORMAT = dwarf;
				ENABLE_STRICT_OBJC_MSGSEND = YES;
				ENABLE_TESTABILITY = YES;
				GCC_C_LANGUAGE_STANDARD = gnu11;
				GCC_DYNAMIC_NO_PIC = NO;
				GCC_NO_COMMON_BLOCKS = YES;
				GCC_OPTIMIZATION_LEVEL = 0;
				GCC_PREPROCESSOR_DEFINITIONS = (
					"DEBUG=1",
					"$(inherited)",
				);
				GCC_WARN_64_TO_32_BIT_CONVERSION = YES;
				GCC_WARN_ABOUT_RETURN_TYPE = YES_ERROR;
				GCC_WARN_UNDECLARED_SELECTOR = YES;
				GCC_WARN_UNINITIALIZED_AUTOS = YES_AGGRESSIVE;
				GCC_WARN_UNUSED_FUNCTION = YES;
				GCC_WARN_UNUSED_VARIABLE = YES;
				IPHONEOS_DEPLOYMENT_TARGET = 11.4;
				MTL_ENABLE_DEBUG_INFO = YES;
				ONLY_ACTIVE_ARCH = YES;
				SDKROOT = iphoneos;
			};
			name = Debug;
		};
		5CA0DB8220EC8FE900AB72CC /* Release */ = {
			isa = XCBuildConfiguration;
			buildSettings = {
				ALWAYS_SEARCH_USER_PATHS = NO;
				CLANG_ANALYZER_NONNULL = YES;
				CLANG_ANALYZER_NUMBER_OBJECT_CONVERSION = YES_AGGRESSIVE;
				CLANG_CXX_LANGUAGE_STANDARD = "gnu++14";
				CLANG_CXX_LIBRARY = "libc++";
				CLANG_ENABLE_MODULES = YES;
				CLANG_ENABLE_OBJC_ARC = YES;
				CLANG_ENABLE_OBJC_WEAK = YES;
				CLANG_WARN_BLOCK_CAPTURE_AUTORELEASING = YES;
				CLANG_WARN_BOOL_CONVERSION = YES;
				CLANG_WARN_COMMA = YES;
				CLANG_WARN_CONSTANT_CONVERSION = YES;
				CLANG_WARN_DEPRECATED_OBJC_IMPLEMENTATIONS = YES;
				CLANG_WARN_DIRECT_OBJC_ISA_USAGE = YES_ERROR;
				CLANG_WARN_DOCUMENTATION_COMMENTS = YES;
				CLANG_WARN_EMPTY_BODY = YES;
				CLANG_WARN_ENUM_CONVERSION = YES;
				CLANG_WARN_INFINITE_RECURSION = YES;
				CLANG_WARN_INT_CONVERSION = YES;
				CLANG_WARN_NON_LITERAL_NULL_CONVERSION = YES;
				CLANG_WARN_OBJC_IMPLICIT_RETAIN_SELF = YES;
				CLANG_WARN_OBJC_LITERAL_CONVERSION = YES;
				CLANG_WARN_OBJC_ROOT_CLASS = YES_ERROR;
				CLANG_WARN_RANGE_LOOP_ANALYSIS = YES;
				CLANG_WARN_STRICT_PROTOTYPES = YES;
				CLANG_WARN_SUSPICIOUS_MOVE = YES;
				CLANG_WARN_UNGUARDED_AVAILABILITY = YES_AGGRESSIVE;
				CLANG_WARN_UNREACHABLE_CODE = YES;
				CLANG_WARN__DUPLICATE_METHOD_MATCH = YES;
				CODE_SIGN_IDENTITY = "iPhone Developer";
				COPY_PHASE_STRIP = NO;
				DEBUG_INFORMATION_FORMAT = "dwarf-with-dsym";
				ENABLE_NS_ASSERTIONS = NO;
				ENABLE_STRICT_OBJC_MSGSEND = YES;
				GCC_C_LANGUAGE_STANDARD = gnu11;
				GCC_NO_COMMON_BLOCKS = YES;
				GCC_WARN_64_TO_32_BIT_CONVERSION = YES;
				GCC_WARN_ABOUT_RETURN_TYPE = YES_ERROR;
				GCC_WARN_UNDECLARED_SELECTOR = YES;
				GCC_WARN_UNINITIALIZED_AUTOS = YES_AGGRESSIVE;
				GCC_WARN_UNUSED_FUNCTION = YES;
				GCC_WARN_UNUSED_VARIABLE = YES;
				IPHONEOS_DEPLOYMENT_TARGET = 11.4;
				MTL_ENABLE_DEBUG_INFO = NO;
				SDKROOT = iphoneos;
				VALIDATE_PRODUCT = YES;
			};
			name = Release;
		};
		5CA0DB8420EC8FE900AB72CC /* Debug */ = {
			isa = XCBuildConfiguration;
			buildSettings = {
				ASSETCATALOG_COMPILER_APPICON_NAME = AppIcon;
				CODE_SIGN_STYLE = Automatic;
				DEVELOPMENT_TEAM = 3V7QXP2387;
				INFOPLIST_FILE = "UISegmentedControl-oc/Info.plist";
				LD_RUNPATH_SEARCH_PATHS = (
					"$(inherited)",
					"@executable_path/Frameworks",
				);
				PRODUCT_BUNDLE_IDENTIFIER = "free-star.PageChangeDemo";
				PRODUCT_NAME = "$(TARGET_NAME)";
				TARGETED_DEVICE_FAMILY = "1,2";
			};
			name = Debug;
		};
		5CA0DB8520EC8FE900AB72CC /* Release */ = {
			isa = XCBuildConfiguration;
			buildSettings = {
				ASSETCATALOG_COMPILER_APPICON_NAME = AppIcon;
				CODE_SIGN_STYLE = Automatic;
				DEVELOPMENT_TEAM = 3V7QXP2387;
				INFOPLIST_FILE = "UISegmentedControl-oc/Info.plist";
				LD_RUNPATH_SEARCH_PATHS = (
					"$(inherited)",
					"@executable_path/Frameworks",
				);
				PRODUCT_BUNDLE_IDENTIFIER = "free-star.PageChangeDemo";
				PRODUCT_NAME = "$(TARGET_NAME)";
				TARGETED_DEVICE_FAMILY = "1,2";
			};
			name = Release;
		};
/* End XCBuildConfiguration section */

/* Begin XCConfigurationList section */
		5CA0DB6820EC8FE800AB72CC /* Build configuration list for PBXProject "UISegmentedControl-oc" */ = {
			isa = XCConfigurationList;
			buildConfigurations = (
				5CA0DB8120EC8FE900AB72CC /* Debug */,
				5CA0DB8220EC8FE900AB72CC /* Release */,
			);
			defaultConfigurationIsVisible = 0;
			defaultConfigurationName = Release;
		};
		5CA0DB8320EC8FE900AB72CC /* Build configuration list for PBXNativeTarget "UISegmentedControl-oc" */ = {
			isa = XCConfigurationList;
			buildConfigurations = (
				5CA0DB8420EC8FE900AB72CC /* Debug */,
				5CA0DB8520EC8FE900AB72CC /* Release */,
			);
			defaultConfigurationIsVisible = 0;
			defaultConfigurationName = Release;
		};
/* End XCConfigurationList section */
	};
	rootObject = 5CA0DB6520EC8FE800AB72CC /* Project object */;
}
